
Microsoft Visual Studio Solution File, Format Version 10.00
# Visual C# Express 2008
Project("{FAE04EC0-301F-11D3-BF4B-00C04F79EFBC}") = "EnetCito", "EnetCito\EnetCito.csproj", "{F83CA678-E377-4149-94CE-F0E2E5EEAB1F}"
EndProject
Global
	GlobalSection(SolutionConfigurationPlatforms) = preSolution
		Debug|Any CPU = Debug|Any CPU
		Release|Any CPU = Release|Any CPU
	EndGlobalSection
	GlobalSection(ProjectConfigurationPlatforms) = postSolution
		{F83CA678-E377-4149-94CE-F0E2E5EEAB1F}.Debug|Any CPU.ActiveCfg = Debug|Any CPU
		{F83CA678-E377-4149-94CE-F0E2E5EEAB1F}.Debug|Any CPU.Build.0 = Debug|Any CPU
		{F83CA678-E377-4149-94CE-F0E2E5EEAB1F}.Release|Any CPU.ActiveCfg = Release|Any CPU
		{F83CA678-E377-4149-94CE-F0E2E5EEAB1F}.Release|Any CPU.Build.0 = Release|Any CPU
	EndGlobalSection
	GlobalSection(SolutionProperties) = preSolution
		HideSolutionNode = FALSE
	EndGlobalSection
EndGlobal
